
Microsoft Visual Studio Solution File, Format Version 12.00
# Visual Studio 15
VisualStudioVersion = 15.0.27703.2026
MinimumVisualStudioVersion = 10.0.40219.1
Project("{FAE04EC0-301F-11D3-BF4B-00C04F79EFBC}") = "United Federation of Planets Travel Booking", "Final Project\United Federation of Planets Travel Booking.csproj", "{1581EA1E-283A-43F6-8C45-E2EDC693DE65}"
EndProject
Global
	GlobalSection(SolutionConfigurationPlatforms) = preSolution
		Debug|Any CPU = Debug|Any CPU
		Release|Any CPU = Release|Any CPU
	EndGlobalSection
	GlobalSection(ProjectConfigurationPlatforms) = postSolution
		{1581EA1E-283A-43F6-8C45-E2EDC693DE65}.Debug|Any CPU.ActiveCfg = Debug|Any CPU
		{1581EA1E-283A-43F6-8C45-E2EDC693DE65}.Debug|Any CPU.Build.0 = Debug|Any CPU
		{1581EA1E-283A-43F6-8C45-E2EDC693DE65}.Release|Any CPU.ActiveCfg = Release|Any CPU
		{1581EA1E-283A-43F6-8C45-E2EDC693DE65}.Release|Any CPU.Build.0 = Release|Any CPU
	EndGlobalSection
	GlobalSection(SolutionProperties) = preSolution
		HideSolutionNode = FALSE
	EndGlobalSection
	GlobalSection(ExtensibilityGlobals) = postSolution
		SolutionGuid = {A3B87CF1-5F68-449E-8692-1A7D2FC4891F}
	EndGlobalSection
EndGlobal
